lockfile_version: '1'
generated_at: '2026-06-28T04:08:18.433998+00:00'
apm_version: 0.22.0
dependencies:
- repo_url: habakan/skills
  name: skills
  host: github.com
  resolved_commit: f3243c2c7b813d9c51b8a9e908fe72839bba91ad
  resolved_ref: f3243c2
  version: unknown
  virtual_path: meta/skill-editor
  is_virtual: true
  package_type: claude_skill
  deployed_files:
  - .agents/skills/skill-editor
  - .agents/skills/skill-editor/SKILL.md
  - .claude/skills/skill-editor
  - .claude/skills/skill-editor/SKILL.md
  deployed_file_hashes:
    .agents/skills/skill-editor/SKILL.md: sha256:a1b1a71b2c76a6bc3aefb2b3beb93bde37e761a6bc544827d8bc228684532c58
    .claude/skills/skill-editor/SKILL.md: sha256:a1b1a71b2c76a6bc3aefb2b3beb93bde37e761a6bc544827d8bc228684532c58
  content_hash: sha256:51d6f466d1c1d6ebe16b9ba57012524038093d0468195209e673f0cb6bd36b76
- repo_url: nulab/bee
  name: bee
  host: github.com
  resolved_commit: 276f55c7a1e90d5cb6b7b82bb4ced06d8da51f34
  resolved_ref: 276f55c7
  version: unknown
  virtual_path: skills/using-bee
  is_virtual: true
  package_type: claude_skill
  deployed_files:
  - .agents/skills/using-bee
  - .agents/skills/using-bee/SKILL.md
  - .claude/skills/using-bee
  - .claude/skills/using-bee/SKILL.md
  deployed_file_hashes:
    .agents/skills/using-bee/SKILL.md: sha256:4f02bd961901e346c6befe670207b3dc47a56efc215157b1bb06d24d73bc346b
    .claude/skills/using-bee/SKILL.md: sha256:4f02bd961901e346c6befe670207b3dc47a56efc215157b1bb06d24d73bc346b
  content_hash: sha256:d63b5876f86bc2c9ee272e0f4b9dc8185a15a6a92836e189564a7cdeb3e691ab
local_deployed_files:
- .agents/skills/analysis-plan
- .agents/skills/analysis-plan/SKILL.md
- .agents/skills/analysis-plan/references/item-catalog.md
- .agents/skills/analysis-plan/references/item-spec.md
- .agents/skills/analysis-plan/scripts/render_board.py
- .agents/skills/analysis-plan/templates/board.html
- .agents/skills/analysis-plan/templates/plan.yaml
- .agents/skills/bizplan
- .agents/skills/bizplan/SKILL.md
- .agents/skills/bizplan/templates/business-plan.md
- .agents/skills/bizplan/templates/pitch-deck.md
- .agents/skills/english-tutor
- .agents/skills/english-tutor/SKILL.md
- .agents/skills/grill-me
- .agents/skills/grill-me/SKILL.md
- .agents/skills/kaggle
- .agents/skills/kaggle/SKILL.md
- .agents/skills/kaggle/references/competition-research.md
- .agents/skills/kaggle/references/competitor-profiling.md
- .agents/skills/kaggle/references/critical-thinking.md
- .agents/skills/kaggle/references/idea-collection.md
- .agents/skills/kaggle/references/submission-strategy.md
- .agents/skills/kaggle/references/validation-strategy.md
- .agents/skills/kaggle/references/when-stuck.md
- .agents/skills/kaggle/templates/competition-plan.md
- .agents/skills/kaggle/templates/project-structure.md
- .agents/skills/neovim
- .agents/skills/neovim/SKILL.md
- .agents/skills/review-pr
- .agents/skills/review-pr/SKILL.md
- .agents/skills/ui-ux-loop
- .agents/skills/ui-ux-loop/SKILL.md
- .agents/skills/ui-ux-loop/agents/openai.yaml
- .agents/skills/ui-ux-loop/references/agent-contracts.md
- .agents/skills/ui-ux-loop/references/run-protocol.md
- .claude/skills/analysis-plan
- .claude/skills/analysis-plan/SKILL.md
- .claude/skills/analysis-plan/references/item-catalog.md
- .claude/skills/analysis-plan/references/item-spec.md
- .claude/skills/analysis-plan/scripts/render_board.py
- .claude/skills/analysis-plan/templates/board.html
- .claude/skills/analysis-plan/templates/plan.yaml
- .claude/skills/bizplan
- .claude/skills/bizplan/SKILL.md
- .claude/skills/bizplan/templates/business-plan.md
- .claude/skills/bizplan/templates/pitch-deck.md
- .claude/skills/english-tutor
- .claude/skills/english-tutor/SKILL.md
- .claude/skills/grill-me
- .claude/skills/grill-me/SKILL.md
- .claude/skills/kaggle
- .claude/skills/kaggle/SKILL.md
- .claude/skills/kaggle/references/competition-research.md
- .claude/skills/kaggle/references/competitor-profiling.md
- .claude/skills/kaggle/references/critical-thinking.md
- .claude/skills/kaggle/references/idea-collection.md
- .claude/skills/kaggle/references/submission-strategy.md
- .claude/skills/kaggle/references/validation-strategy.md
- .claude/skills/kaggle/references/when-stuck.md
- .claude/skills/kaggle/templates/competition-plan.md
- .claude/skills/kaggle/templates/project-structure.md
- .claude/skills/neovim
- .claude/skills/neovim/SKILL.md
- .claude/skills/review-pr
- .claude/skills/review-pr/SKILL.md
- .claude/skills/ui-ux-loop
- .claude/skills/ui-ux-loop/SKILL.md
- .claude/skills/ui-ux-loop/agents/openai.yaml
- .claude/skills/ui-ux-loop/references/agent-contracts.md
- .claude/skills/ui-ux-loop/references/run-protocol.md
local_deployed_file_hashes:
  .agents/skills/analysis-plan/SKILL.md: sha256:f260ede19cec833bc199ac6575e42b3273b4fd0f46ff32a5fb5b246636af60db
  .agents/skills/analysis-plan/references/item-catalog.md: sha256:1d5f629cc03206d73e191f3886e0cd7c5c3420fa91b5a91f624918d3d42a8aa3
  .agents/skills/analysis-plan/references/item-spec.md: sha256:ce9e82e7869eb630216fbad34732b2f46db5b977b19b22fdbf3f543b164131e2
  .agents/skills/analysis-plan/scripts/render_board.py: sha256:2e1ed00c0d766aa6578c4e91d37b87ead1bdd482c9eaf3104ad3faec584ba7da
  .agents/skills/analysis-plan/templates/board.html: sha256:3e69db6d075d325fb732d879ccfdd427e01847903c5c12212b647485389367ed
  .agents/skills/analysis-plan/templates/plan.yaml: sha256:2fd8f56301bae56e794b70965c10b2ef8f036fb8e24ab27035e8213cf0036076
  .agents/skills/bizplan/SKILL.md: sha256:e9ff2a73a6a2ec7b385707fc5e4a0445fc461bdf2b846ed55167f487e23bc0c9
  .agents/skills/bizplan/templates/business-plan.md: sha256:e340a8842154bb08430e67e72e4b686a51bbda2c201e95276a4deffd2301efca
  .agents/skills/bizplan/templates/pitch-deck.md: sha256:030c38010e4309843a4c52f32beb8e623df47248bda3de2d35c0d5a2dc5d748c
  .agents/skills/english-tutor/SKILL.md: sha256:c815141b4436545d6e716132bf48b3dbb87fea419289d9f4910a28b27f8274ee
  .agents/skills/grill-me/SKILL.md: sha256:d3cffaeb1dd12f305bda7bbce7e36e2c26e104f73ef90c8fe65f6d70622909a9
  .agents/skills/kaggle/SKILL.md: sha256:dc9d6ed20a9dba8079378a529556098ad8308c0eb52ed945ea1092d0237f64fd
  .agents/skills/kaggle/references/competition-research.md: sha256:81b952f26c8c8a54dd6f2cd625a85f640444bf9ff58cc33370b962a01c302480
  .agents/skills/kaggle/references/competitor-profiling.md: sha256:4356dd8cfbeec9215dddde48cb19027f8a04ab9fbc16a6ae98fbc3ff50044a79
  .agents/skills/kaggle/references/critical-thinking.md: sha256:14b87cbea91be29cf075db976a85044efc53196dd603a4f31c603dd607c148cb
  .agents/skills/kaggle/references/idea-collection.md: sha256:35488e85521480a5e1deb3563f8baa1297bb14229acf355266e8583077eb9f42
  .agents/skills/kaggle/references/submission-strategy.md: sha256:52da360c64008190d0c30c72a5a433f40ad1f0ce55d9156f33acd3d11886d1fe
  .agents/skills/kaggle/references/validation-strategy.md: sha256:795db76c8784ae099c5138e6b3cfb1944f52f806070e219dad2ccafc0be9b1ad
  .agents/skills/kaggle/references/when-stuck.md: sha256:2c60eac3c629ed0b1a6a46857d19d58cdde14548aea2b274557c0714ca2827f4
  .agents/skills/kaggle/templates/competition-plan.md: sha256:e214ace44860e2884c3e010e4ef2ee46d8e5db5cb3b8a2c09e54db63518f4ee9
  .agents/skills/kaggle/templates/project-structure.md: sha256:8cef232d2a591f74369bf20ad4b757eb6a9f5216ed6b2ceb780b036e09ebcb48
  .agents/skills/neovim/SKILL.md: sha256:d4cba457dccb8ea7408ec2f750310be48e129056b6b4cbfa4b90d715ad4599e0
  .agents/skills/review-pr/SKILL.md: sha256:0f73f50f5949a314d7c7a804e211742a5b335bf2f5d8b97878248c88d8ee297d
  .agents/skills/ui-ux-loop/SKILL.md: sha256:ac9d413c3d5a9e82fdb1e70333482612845bdcbb890a6a51c6c94631d0da4196
  .agents/skills/ui-ux-loop/agents/openai.yaml: sha256:c6ce1802b079c350d96ea04022a8a899b235f44664e628c753521eb6eae0f1f3
  .agents/skills/ui-ux-loop/references/agent-contracts.md: sha256:85ea9a966ef84235fd98e8a4f6833c56680c4dd486aec71de07ff8b13863f79d
  .agents/skills/ui-ux-loop/references/run-protocol.md: sha256:29ce8bb91a70d5297bd19e8da9b11b9f10f7ee66a7518a406cb5d0971b09f957
  .claude/skills/analysis-plan/SKILL.md: sha256:f260ede19cec833bc199ac6575e42b3273b4fd0f46ff32a5fb5b246636af60db
  .claude/skills/analysis-plan/references/item-catalog.md: sha256:1d5f629cc03206d73e191f3886e0cd7c5c3420fa91b5a91f624918d3d42a8aa3
  .claude/skills/analysis-plan/references/item-spec.md: sha256:ce9e82e7869eb630216fbad34732b2f46db5b977b19b22fdbf3f543b164131e2
  .claude/skills/analysis-plan/scripts/render_board.py: sha256:2e1ed00c0d766aa6578c4e91d37b87ead1bdd482c9eaf3104ad3faec584ba7da
  .claude/skills/analysis-plan/templates/board.html: sha256:3e69db6d075d325fb732d879ccfdd427e01847903c5c12212b647485389367ed
  .claude/skills/analysis-plan/templates/plan.yaml: sha256:2fd8f56301bae56e794b70965c10b2ef8f036fb8e24ab27035e8213cf0036076
  .claude/skills/bizplan/SKILL.md: sha256:e9ff2a73a6a2ec7b385707fc5e4a0445fc461bdf2b846ed55167f487e23bc0c9
  .claude/skills/bizplan/templates/business-plan.md: sha256:e340a8842154bb08430e67e72e4b686a51bbda2c201e95276a4deffd2301efca
  .claude/skills/bizplan/templates/pitch-deck.md: sha256:030c38010e4309843a4c52f32beb8e623df47248bda3de2d35c0d5a2dc5d748c
  .claude/skills/english-tutor/SKILL.md: sha256:c815141b4436545d6e716132bf48b3dbb87fea419289d9f4910a28b27f8274ee
  .claude/skills/grill-me/SKILL.md: sha256:d3cffaeb1dd12f305bda7bbce7e36e2c26e104f73ef90c8fe65f6d70622909a9
  .claude/skills/kaggle/SKILL.md: sha256:dc9d6ed20a9dba8079378a529556098ad8308c0eb52ed945ea1092d0237f64fd
  .claude/skills/kaggle/references/competition-research.md: sha256:81b952f26c8c8a54dd6f2cd625a85f640444bf9ff58cc33370b962a01c302480
  .claude/skills/kaggle/references/competitor-profiling.md: sha256:4356dd8cfbeec9215dddde48cb19027f8a04ab9fbc16a6ae98fbc3ff50044a79
  .claude/skills/kaggle/references/critical-thinking.md: sha256:14b87cbea91be29cf075db976a85044efc53196dd603a4f31c603dd607c148cb
  .claude/skills/kaggle/references/idea-collection.md: sha256:35488e85521480a5e1deb3563f8baa1297bb14229acf355266e8583077eb9f42
  .claude/skills/kaggle/references/submission-strategy.md: sha256:52da360c64008190d0c30c72a5a433f40ad1f0ce55d9156f33acd3d11886d1fe
  .claude/skills/kaggle/references/validation-strategy.md: sha256:795db76c8784ae099c5138e6b3cfb1944f52f806070e219dad2ccafc0be9b1ad
  .claude/skills/kaggle/references/when-stuck.md: sha256:2c60eac3c629ed0b1a6a46857d19d58cdde14548aea2b274557c0714ca2827f4
  .claude/skills/kaggle/templates/competition-plan.md: sha256:e214ace44860e2884c3e010e4ef2ee46d8e5db5cb3b8a2c09e54db63518f4ee9
  .claude/skills/kaggle/templates/project-structure.md: sha256:8cef232d2a591f74369bf20ad4b757eb6a9f5216ed6b2ceb780b036e09ebcb48
  .claude/skills/neovim/SKILL.md: sha256:d4cba457dccb8ea7408ec2f750310be48e129056b6b4cbfa4b90d715ad4599e0
  .claude/skills/review-pr/SKILL.md: sha256:0f73f50f5949a314d7c7a804e211742a5b335bf2f5d8b97878248c88d8ee297d
  .claude/skills/ui-ux-loop/SKILL.md: sha256:ac9d413c3d5a9e82fdb1e70333482612845bdcbb890a6a51c6c94631d0da4196
  .claude/skills/ui-ux-loop/agents/openai.yaml: sha256:c6ce1802b079c350d96ea04022a8a899b235f44664e628c753521eb6eae0f1f3
  .claude/skills/ui-ux-loop/references/agent-contracts.md: sha256:85ea9a966ef84235fd98e8a4f6833c56680c4dd486aec71de07ff8b13863f79d
  .claude/skills/ui-ux-loop/references/run-protocol.md: sha256:29ce8bb91a70d5297bd19e8da9b11b9f10f7ee66a7518a406cb5d0971b09f957
